cel.dev/expr v0.24.0 h1:56OvJKSH3hDGL0ml5uSxZmz3/3Pq4tJ+fb1unVLAFcY=
cel.dev/expr v0.24.0/go.mod h1:hLPLo1W4QUmuYdA72RBX06QTs6MXw941piREPl3Yfiw=
cloud.google.com/go v0.121.6 h1:waZiuajrI28iAf40cWgycWNgaXPO06dupuS+sgibK6c=
cloud.google.com/go v0.121.6/go.mod h1:coChdst4Ea5vUpiALcYKXEpR1S9ZgXbhEzzMcMR66vI=
cloud.google.com/go/auth v0.16.4 h1:fXOAIQmkApVvcIn7Pc2+5J8QTMVbUGLscnSVNl11su8=
cloud.google.com/go/auth v0.16.4/go.mod h1:j10ncYwjX/g3cdX7GpEzsdM+d+ZNsXAbb6qXA7p1Y5M=
cloud.google.com/go/auth/oauth2adapt v0.2.8 h1:keo8NaayQZ6wimpNSmW5OPc283g65QNIiLpZnkHRbnc=
cloud.google.com/go/auth/oauth2adapt v0.2.8/go.mod h1:XQ9y31RkqZCcwJWNSx2Xvric3RrU88hAYYbjDWYDL+c=
cloud.google.com/go/compute/metadata v0.9.0 h1:pDUj4QMoPejqq20dK0Pg2N4yG9zIkYGdBtwLoEkH9Zs=
cloud.google.com/go/compute/metadata v0.9.0/go.mod h1:E0bWwX5wTnLPedCKqk3pJmVgCBSM6qQI1yTBdEb3C10=
cloud.google.com/go/iam v1.5.2 h1:qgFRAGEmd8z6dJ/qyEchAuL9jpswyODjA2lS+w234g8=
cloud.google.com/go/iam v1.5.2/go.mod h1:SE1vg0N81zQqLzQEwxL2WI6yhetBdbNQuTvIKCSkUHE=
cloud.google.com/go/monitoring v1.24.2 h1:5OTsoJ1dXYIiMiuL+sYscLc9BumrL3CarVLL7dd7lHM=
cloud.google.com/go/monitoring v1.24.2/go.mod h1:x7yzPWcgDRnPEv3sI+jJGBkwl5qINf+6qY4eq0I9B4U=
cloud.google.com/go/storage v1.56.0 h1:iixmq2Fse2tqxMbWhLWC9HfBj1qdxqAmiK8/eqtsLxI=
cloud.google.com/go/storage v1.56.0/go.mod h1:Tpuj6t4NweCLzlNbw9Z9iwxEkrSem20AetIeH/shgVU=
filippo.io/edwards25519 v1.1.0 h1:FNf4tywRC1HmFuKW5xopWpigGjJKiJSV0Cqo0cJWDaA=
filippo.io/edwards25519 v1.1.0/go.mod h1:BxyFTGdWcka3PhytdK4V28tE5sGfRvvvRV7EaN4VDT4=
github.com/GoogleCloudPlatform/opentelemetry-operations-go/detectors/gcp v1.30.0 h1:sBEjpZlNHzK1voKq9695PJSX2o5NEXl7/OL3coiIY0c=
github.com/GoogleCloudPlatform/opentelemetry-operations-go/detectors/gcp v1.30.0/go.mod h1:P4WPRUkOhJC13W//jWpyfJNDAIpvRbAUIYLX/4jtlE0=
github.com/GoogleCloudPlatform/opentelemetry-operations-go/exporter/metric v0.53.0 h1:owcC2UnmsZycprQ5RfRgjydWhuoxg71LUfyiQdijZuM=
github.com/GoogleCloudPlatform/opentelemetry-operations-go/exporter/metric v0.53.0/go.mod h1:ZPpqegjbE99EPKsu3iUWV22A04wzGPcAY/ziSIQEEgs=
github.com/GoogleCloudPlatform/opentelemetry-operations-go/internal/resourcemapping v0.53.0 h1:Ron4zCA/yk6U7WOBXhTJcDpsUBG9npumK6xw2auFltQ=
github.com/GoogleCloudPlatform/opentelemetry-operations-go/internal/resourcemapping v0.53.0/go.mod h1:cSgYe11MCNYunTnRXrKiR/tHc0eoKjICUuWpNZoVCOo=
github.com/aws/aws-sdk-go-v2 v1.41.1 h1:ABlyEARCDLN034NhxlRUSZr4l71mh+T5KAeGh6cerhU=
github.com/aws/aws-sdk-go-v2 v1.41.1/go.mod h1:MayyLB8y+buD9hZqkCW3kX1AKq07Y5pXxtgB+rRFhz0=
github.com/aws/aws-sdk-go-v2/aws/protocol/eventstream v1.7.4 h1:489krEF9xIGkOaaX3CE/Be2uWjiXrkCH6gUX+bZA/BU=
github.com/aws/aws-sdk-go-v2/aws/protocol/eventstream v1.7.4/go.mod h1:IOAPF6oT9KCsceNTvvYMNHy0+kMF8akOjeDvPENWxp4=
github.com/aws/aws-sdk-go-v2/config v1.31.17 h1:QFl8lL6RgakNK86vusim14P2k8BFSxjvUkcWLDjgz9Y=
github.com/aws/aws-sdk-go-v2/config v1.31.17/go.mod h1:V8P7ILjp/Uef/aX8TjGk6OHZN6IKPM5YW6S78QnRD5c=
github.com/aws/aws-sdk-go-v2/credentials v1.18.21 h1:56HGpsgnmD+2/KpG0ikvvR8+3v3COCwaF4r+oWwOeNA=
github.com/aws/aws-sdk-go-v2/credentials v1.18.21/go.mod h1:3YELwedmQbw7cXNaII2Wywd+YY58AmLPwX4LzARgmmA=
github.com/aws/aws-sdk-go-v2/feature/ec2/imds v1.18.13 h1:T1brd5dR3/fzNFAQch/iBKeX07/ffu/cLu+q+RuzEWk=
github.com/aws/aws-sdk-go-v2/feature/ec2/imds v1.18.13/go.mod h1:Peg/GBAQ6JDt+RoBf4meB1wylmAipb7Kg2ZFakZTlwk=
github.com/aws/aws-sdk-go-v2/feature/s3/manager v1.20.3 h1:4GNV1lhyELGjMz5ILMRxDvxvOaeo3Ux9Z69S1EgVMMQ=
github.com/aws/aws-sdk-go-v2/feature/s3/manager v1.20.3/go.mod h1:br7KA6edAAqDGUYJ+zVVPAyMrPhnN+zdt17yTUT6FPw=
github.com/aws/aws-sdk-go-v2/internal/configsources v1.4.17 h1:xOLELNKGp2vsiteLsvLPwxC+mYmO6OZ8PYgiuPJzF8U=
github.com/aws/aws-sdk-go-v2/internal/configsources v1.4.17/go.mod h1:5M5CI3D12dNOtH3/mk6minaRwI2/37ifCURZISxA/IQ=
github.com/aws/aws-sdk-go-v2/internal/endpoints/v2 v2.7.17 h1:WWLqlh79iO48yLkj1v3ISRNiv+3KdQoZ6JWyfcsyQik=
github.com/aws/aws-sdk-go-v2/internal/endpoints/v2 v2.7.17/go.mod h1:EhG22vHRrvF8oXSTYStZhJc1aUgKtnJe+aOiFEV90cM=
github.com/aws/aws-sdk-go-v2/internal/ini v1.8.4 h1:WKuaxf++XKWlHWu9ECbMlha8WOEGm0OUEZqm4K/Gcfk=
github.com/aws/aws-sdk-go-v2/internal/ini v1.8.4/go.mod h1:ZWy7j6v1vWGmPReu0iSGvRiise4YI5SkR3OHKTZ6Wuc=
github.com/aws/aws-sdk-go-v2/internal/v4a v1.4.17 h1:JqcdRG//czea7Ppjb+g/n4o8i/R50aTBHkA7vu0lK+k=
github.com/aws/aws-sdk-go-v2/internal/v4a v1.4.17/go.mod h1:CO+WeGmIdj/MlPel2KwID9Gt7CNq4M65HUfBW97liM0=
github.com/aws/aws-sdk-go-v2/service/internal/accept-encoding v1.13.4 h1:0ryTNEdJbzUCEWkVXEXoqlXV72J5keC1GvILMOuD00E=
github.com/aws/aws-sdk-go-v2/service/internal/accept-encoding v1.13.4/go.mod h1:HQ4qwNZh32C3CBeO6iJLQlgtMzqeG17ziAA/3KDJFow=
github.com/aws/aws-sdk-go-v2/service/internal/checksum v1.9.8 h1:Z5EiPIzXKewUQK0QTMkutjiaPVeVYXX7KIqhXu/0fXs=
github.com/aws/aws-sdk-go-v2/service/internal/checksum v1.9.8/go.mod h1:FsTpJtvC4U1fyDXk7c71XoDv3HlRm8V3NiYLeYLh5YE=
github.com/aws/aws-sdk-go-v2/service/internal/presigned-url v1.13.17 h1:RuNSMoozM8oXlgLG/n6WLaFGoea7/CddrCfIiSA+xdY=
github.com/aws/aws-sdk-go-v2/service/internal/presigned-url v1.13.17/go.mod h1:F2xxQ9TZz5gDWsclCtPQscGpP0VUOc8RqgFM3vDENmU=
github.com/aws/aws-sdk-go-v2/service/internal/s3shared v1.19.17 h1:bGeHBsGZx0Dvu/eJC0Lh9adJa3M1xREcndxLNZlve2U=
github.com/aws/aws-sdk-go-v2/service/internal/s3shared v1.19.17/go.mod h1:dcW24lbU0CzHusTE8LLHhRLI42ejmINN8Lcr22bwh/g=
github.com/aws/aws-sdk-go-v2/service/s3 v1.96.0 h1:oeu8VPlOre74lBA/PMhxa5vewaMIMmILM+RraSyB8KA=
github.com/aws/aws-sdk-go-v2/service/s3 v1.96.0/go.mod h1:5jggDlZ2CLQhwJBiZJb4vfk4f0GxWdEDruWKEJ1xOdo=
github.com/aws/aws-sdk-go-v2/service/sso v1.30.1 h1:0JPwLz1J+5lEOfy/g0SURC9cxhbQ1lIMHMa+AHZSzz0=
github.com/aws/aws-sdk-go-v2/service/sso v1.30.1/go.mod h1:fKvyjJcz63iL/ftA6RaM8sRCtN4r4zl4tjL3qw5ec7k=
github.com/aws/aws-sdk-go-v2/service/ssooidc v1.35.5 h1:OWs0/j2UYR5LOGi88sD5/lhN6TDLG6SfA7CqsQO9zF0=
github.com/aws/aws-sdk-go-v2/service/ssooidc v1.35.5/go.mod h1:klO+ejMvYsB4QATfEOIXk8WAEwN4N0aBfJpvC+5SZBo=
github.com/aws/aws-sdk-go-v2/service/sts v1.39.1 h1:mLlUgHn02ue8whiR4BmxxGJLR2gwU6s6ZzJ5wDamBUs=
github.com/aws/aws-sdk-go-v2/service/sts v1.39.1/go.mod h1:E19xDjpzPZC7LS2knI9E6BaRFDK43Eul7vd6rSq2HWk=
github.com/aws/smithy-go v1.24.0 h1:LpilSUItNPFr1eY85RYgTIg5eIEPtvFbskaFcmmIUnk=
github.com/aws/smithy-go v1.24.0/go.mod h1:LEj2LM3rBRQJxPZTB4KuzZkaZYnZPnvgIhb4pu07mx0=
github.com/beorn7/perks v1.0.1 h1:VlbKKnNfV8bJzeqoa4cOKqO6bYr3WgKZxO8Z16+hsOM=
github.com/beorn7/perks v1.0.1/go.mod h1:G2ZrVWU2WbWT9wwq4/hrbKbnv/1ERSJQ0ibhJ6rlkpw=
github.com/cespare/xxhash/v2 v2.3.0 h1:UL815xU9SqsFlibzuggzjXhog7bL6oX9BbNZnL2UFvs=
github.com/cespare/xxhash/v2 v2.3.0/go.mod h1:VGX0DQ3Q6kWi7AoAeZDth3/j3BFtOZR5XLFGgcrjCOs=
github.com/cncf/xds/go v0.0.0-20251022180443-0feb69152e9f h1:Y8xYupdHxryycyPlc9Y+bSQAYZnetRJ70VMVKm5CKI0=
github.com/cncf/xds/go v0.0.0-20251022180443-0feb69152e9f/go.mod h1:HlzOvOjVBOfTGSRXRyY0OiCS/3J1akRGQQpRO/7zyF4=
github.com/davecgh/go-spew v1.1.1 h1:vj9j/u1bqnvCEfJOwUhtlOARqs3+rkHYY13jYWTU97c=
github.com/davecgh/go-spew v1.1.1/go.mod h1:J7Y8YcW2NihsgmVo/mv3lAwl/skON4iLHjSsI+c5H38=
github.com/envoyproxy/go-control-plane v0.13.5-0.20251024222203-75eaa193e329 h1:K+fnvUM0VZ7ZFJf0n4L/BRlnsb9pL/GuDG6FqaH+PwM=
github.com/envoyproxy/go-control-plane/envoy v1.35.0 h1:ixjkELDE+ru6idPxcHLj8LBVc2bFP7iBytj353BoHUo=
github.com/envoyproxy/go-control-plane/envoy v1.35.0/go.mod h1:09qwbGVuSWWAyN5t/b3iyVfz5+z8QWGrzkoqm/8SbEs=
github.com/envoyproxy/protoc-gen-validate v1.2.1 h1:DEo3O99U8j4hBFwbJfrz9VtgcDfUKS7KJ7spH3d86P8=
github.com/envoyproxy/protoc-gen-validate v1.2.1/go.mod h1:d/C80l/jxXLdfEIhX1W2TmLfsJ31lvEjwamM4DxlWXU=
github.com/felixge/httpsnoop v1.0.4 h1:NFTV2Zj1bL4mc9sqWACXbQFVBBg2W3GPvqp8/ESS2Wg=
github.com/felixge/httpsnoop v1.0.4/go.mod h1:m8KPJKqk1gH5J9DgRY2ASl2lWCfGKXixSwevea8zH2U=
github.com/go-jose/go-jose/v4 v4.1.3 h1:CVLmWDhDVRa6Mi/IgCgaopNosCaHz7zrMeF9MlZRkrs=
github.com/go-jose/go-jose/v4 v4.1.3/go.mod h1:x4oUasVrzR7071A4TnHLGSPpNOm2a21K9Kf04k1rs08=
github.com/go-logr/logr v1.2.2/go.mod h1:jdQByPbusPIv2/zmleS9BjJVeZ6kBagPoEUsqbVz/1A=
github.com/go-logr/logr v1.4.3 h1:CjnDlHq8ikf6E492q6eKboGOC0T8CDaOvkHCIg8idEI=
github.com/go-logr/logr v1.4.3/go.mod h1:9T104GzyrTigFIr8wt5mBrctHMim0Nb2HLGrmQ40KvY=
github.com/go-logr/stdr v1.2.2 h1:hSWxHoqTgW2S2qGc0LTAI563KZ5YKYRhT3MFKZMbjag=
github.com/go-logr/stdr v1.2.2/go.mod h1:mMo/vtBO5dYbehREoey6XUKy/eSumjCCveDpRre4VKE=
github.com/go-sql-driver/mysql v1.9.3 h1:U/N249h2WzJ3Ukj8SowVFjdtZKfu9vlLZxjPXV1aweo=
github.com/go-sql-driver/mysql v1.9.3/go.mod h1:qn46aNg1333BRMNU69Lq93t8du/dwxI64Gl8i5p1WMU=
github.com/go-stack/stack v1.8.1 h1:ntEHSVwIt7PNXNpgPmVfMrNhLtgjlmnZha2kOpuRiDw=
github.com/go-stack/stack v1.8.1/go.mod h1:dcoOX6HbPZSZptuspn9bctJ+N/CnF5gGygcUP3XYfe4=
github.com/golang/protobuf v1.5.4 h1:i7eJL8qZTpSEXOPTxNKhASYpMn+8e5Q6AdndVa1dWek=
github.com/golang/protobuf v1.5.4/go.mod h1:lnTiLA8Wa4RWRcIUkrtSVa5nRhsEGBg48fD6rSs7xps=
github.com/google/go-cmp v0.7.0 h1:wk8382ETsv4JYUZwIsn6YpYiWiBsYLSJiTsyBybVuN8=
github.com/google/go-cmp v0.7.0/go.mod h1:pXiqmnSA92OHEEa9HXL2W4E7lf9JzCmGVUdgjX3N/iU=
github.com/google/go-replayers/grpcreplay v1.3.0 h1:1Keyy0m1sIpqstQmgz307zhiJ1pV4uIlFds5weTmxbo=
github.com/google/go-replayers/grpcreplay v1.3.0/go.mod h1:v6NgKtkijC0d3e3RW8il6Sy5sqRVUwoQa4mHOGEy8DI=
github.com/google/go-replayers/httpreplay v1.2.0 h1:VM1wEyyjaoU53BwrOnaf9VhAyQQEEioJvFYxYcLRKzk=
github.com/google/go-replayers/httpreplay v1.2.0/go.mod h1:WahEFFZZ7a1P4VM1qEeHy+tME4bwyqPcwWbNlUI1Mcg=
github.com/google/martian/v3 v3.3.3 h1:DIhPTQrbPkgs2yJYdXU/eNACCG5DVQjySNRNlflZ9Fc=
github.com/google/martian/v3 v3.3.3/go.mod h1:iEPrYcgCF7jA9OtScMFQyAlZZ4YXTKEtJ1E6RWzmBA0=
github.com/google/s2a-go v0.1.9 h1:LGD7gtMgezd8a/Xak7mEWL0PjoTQFvpRudN895yqKW0=
github.com/google/s2a-go v0.1.9/go.mod h1:YA0Ei2ZQL3acow2O62kdp9UlnvMmU7kA6Eutn0dXayM=
github.com/google/uuid v1.6.0 h1:NIvaJDMOsjHA8n1jAhLSgzrAzy1Hgr+hNrb57e+94F0=
github.com/google/uuid v1.6.0/go.mod h1:TIyPZe4MgqvfeYDBFedMoGGpEw/LqOeaOT+nhxU+yHo=
github.com/google/wire v0.7.0 h1:JxUKI6+CVBgCO2WToKy/nQk0sS+amI9z9EjVmdaocj4=
github.com/google/wire v0.7.0/go.mod h1:n6YbUQD9cPKTnHXEBN2DXlOp/mVADhVErcMFb0v3J18=
github.com/googleapis/enterprise-certificate-proxy v0.3.6 h1:GW/XbdyBFQ8Qe+YAmFU9uHLo7OnF5tL52HFAgMmyrf4=
github.com/googleapis/enterprise-certificate-proxy v0.3.6/go.mod h1:MkHOF77EYAE7qfSuSS9PU6g4Nt4e11cnsDUowfwewLA=
github.com/googleapis/gax-go/v2 v2.15.0 h1:SyjDc1mGgZU5LncH8gimWo9lW1DtIfPibOG81vgd/bo=
github.com/googleapis/gax-go/v2 v2.15.0/go.mod h1:zVVkkxAQHa1RQpg9z2AUCMnKhi0Qld9rcmyfL1OZhoc=
github.com/kr/pretty v0.3.1 h1:flRD4NNwYAUpkphVc1HcthR4KEIFJ65n8Mw5qdRn3LE=
github.com/kr/pretty v0.3.1/go.mod h1:hoEshYVHaxMs3cyo3Yncou5ZscifuDolrwPKZanG3xk=
github.com/kr/text v0.2.0 h1:5Nx0Ya0ZqY2ygV366QzturHI13Jq95ApcVaJBhpS+AY=
github.com/kr/text v0.2.0/go.mod h1:eLer722TekiGuMkidMxC/pM04lWEeraHUUmBw8l2grE=
github.com/kylelemons/godebug v1.1.0 h1:RPNrshWIDI6G2gRW9EHilWtl7Z6Sb1BR0xunSBf0SNc=
github.com/kylelemons/godebug v1.1.0/go.mod h1:9/0rRGxNHcop5bhtWyNeEfOS8JIWk580+fNqagV/RAw=
github.com/luno/jettison v0.0.0-20230912135954-09d6084f5df9 h1:ykQ0/3gmOFypz1tNTyisrEM51rW7bx/UCGqEqrm/VyM=
github.com/luno/jettison v0.0.0-20230912135954-09d6084f5df9/go.mod h1:Fc8KRfQEydIud0rjBHUNxUyyEKSidxP0kOlg4Dwn3JA=
github.com/munnerz/goautoneg v0.0.0-20191010083416-a7dc8b61c822 h1:C3w9PqII01/Oq1c1nUAm88MOHcQC9l5mIlSMApZMrHA=
github.com/munnerz/goautoneg v0.0.0-20191010083416-a7dc8b61c822/go.mod h1:+n7T8mK8HuQTcFwEeznm/DIxMOiR9yIdICNftLE1DvQ=
github.com/planetscale/vtprotobuf v0.6.1-0.20240319094008-0393e58bdf10 h1:GFCKgmp0tecUJ0sJuv4pzYCqS9+RGSn52M3FUwPs+uo=
github.com/planetscale/vtprotobuf v0.6.1-0.20240319094008-0393e58bdf10/go.mod h1:t/avpk3KcrXxUnYOhZhMXJlSEyie6gQbtLq5NM3loB8=
github.com/pmezard/go-difflib v1.0.0 h1:4DBwDE0NGyQoBHbLQYPwSUPoCMWR5BEzIk/f1lZbAQM=
github.com/pmezard/go-difflib v1.0.0/go.mod h1:iKH77koFhYxTK1pcRnkKkqfTogsbg7gZNVY4sRDYZ/4=
github.com/prometheus/client_golang v1.23.2 h1:Je96obch5RDVy3FDMndoUsjAhG5Edi49h0RJWRi/o0o=
github.com/prometheus/client_golang v1.23.2/go.mod h1:Tb1a6LWHB3/SPIzCoaDXI4I8UHKeFTEQ1YCr+0Gyqmg=
github.com/prometheus/client_model v0.6.2 h1:oBsgwpGs7iVziMvrGhE53c/GrLUsZdHnqNwqPLxwZyk=
github.com/prometheus/client_model v0.6.2/go.mod h1:y3m2F6Gdpfy6Ut/GBsUqTWZqCUvMVzSfMLjcu6wAwpE=
github.com/prometheus/common v0.66.1 h1:h5E0h5/Y8niHc5DlaLlWLArTQI7tMrsfQjHV+d9ZoGs=
github.com/prometheus/common v0.66.1/go.mod h1:gcaUsgf3KfRSwHY4dIMXLPV0K/Wg1oZ8+SbZk/HH/dA=
github.com/prometheus/procfs v0.16.1 h1:hZ15bTNuirocR6u0JZ6BAHHmwS1p8B4P6MRqxtzMyRg=
github.com/prometheus/procfs v0.16.1/go.mod h1:teAbpZRB1iIAJYREa1LsoWUXykVXA1KlTmWl8x/U+Is=
github.com/rogpeppe/go-internal v1.14.1 h1:UQB4HGPB6osV0SQTLymcB4TgvyWu6ZyliaW0tI/otEQ=
github.com/rogpeppe/go-internal v1.14.1/go.mod h1:MaRKkUm5W0goXpeCfT7UZI6fk/L7L7so1lCWt35ZSgc=
github.com/sebdah/goldie/v2 v2.5.3 h1:9ES/mNN+HNUbNWpVAlrzuZ7jE+Nrczbj8uFRjM7624Y=
github.com/sebdah/goldie/v2 v2.5.3/go.mod h1:oZ9fp0+se1eapSRjfYbsV/0Hqhbuu3bJVvKI/NNtssI=
github.com/sergi/go-diff v1.2.0 h1:XU+rvMAioB0UC3q1MFrIQy4Vo5/4VsRDQQXHsEya6xQ=
github.com/sergi/go-diff v1.2.0/go.mod h1:STckp+ISIX8hZLjrqAeVduY0gWCT9IjLuqbuNXdaHfM=
github.com/spiffe/go-spiffe/v2 v2.6.0 h1:l+DolpxNWYgruGQVV0xsfeya3CsC7m8iBzDnMpsbLuo=
github.com/spiffe/go-spiffe/v2 v2.6.0/go.mod h1:gm2SeUoMZEtpnzPNs2Csc0D/gX33k1xIx7lEzqblHEs=
github.com/stretchr/objx v0.5.2 h1:xuMeJ0Sdp5ZMRXx/aWO6RZxdr3beISkG5/G/aIRr3pY=
github.com/stretchr/objx v0.5.2/go.mod h1:FRsXN1f5AsAjCGJKqEizvkpNtU+EGNCLh3NxZ/8L+MA=
github.com/stretchr/testify v1.11.1 h1:7s2iGBzp5EwR7/aIZr8ao5+dra3wiQyKjjFuvgVKu7U=
github.com/stretchr/testify v1.11.1/go.mod h1:wZwfW3scLgRK+23gO65QZefKpKQRnfz6sD981Nm4B6U=
go.opentelemetry.io/auto/sdk v1.2.1 h1:jXsnJ4Lmnqd11kwkBV2LgLoFMZKizbCi5fNZ/ipaZ64=
go.opentelemetry.io/auto/sdk v1.2.1/go.mod h1:KRTj+aOaElaLi+wW1kO/DZRXwkF4C5xPbEe3ZiIhN7Y=
go.opentelemetry.io/contrib/detectors/gcp v1.38.0 h1:ZoYbqX7OaA/TAikspPl3ozPI6iY6LiIY9I8cUfm+pJs=
go.opentelemetry.io/contrib/detectors/gcp v1.38.0/go.mod h1:SU+iU7nu5ud4oCb3LQOhIZ3nRLj6FNVrKgtflbaf2ts=
go.opentelemetry.io/contrib/instrumentation/google.golang.org/grpc/otelgrpc v0.62.0 h1:rbRJ8BBoVMsQShESYZ0FkvcITu8X8QNwJogcLUmDNNw=
go.opentelemetry.io/contrib/instrumentation/google.golang.org/grpc/otelgrpc v0.62.0/go.mod h1:ru6KHrNtNHxM4nD/vd6QrLVWgKhxPYgblq4VAtNawTQ=
go.opentelemetry.io/contrib/instrumentation/net/http/otelhttp v0.62.0 h1:Hf9xI/XLML9ElpiHVDNwvqI0hIFlzV8dgIr35kV1kRU=
go.opentelemetry.io/contrib/instrumentation/net/http/otelhttp v0.62.0/go.mod h1:NfchwuyNoMcZ5MLHwPrODwUF1HWCXWrL31s8gSAdIKY=
go.opentelemetry.io/otel v1.39.0 h1:8yPrr/S0ND9QEfTfdP9V+SiwT4E0G7Y5MO7p85nis48=
go.opentelemetry.io/otel v1.39.0/go.mod h1:kLlFTywNWrFyEdH0oj2xK0bFYZtHRYUdv1NklR/tgc8=
go.opentelemetry.io/otel/metric v1.39.0 h1:d1UzonvEZriVfpNKEVmHXbdf909uGTOQjA0HF0Ls5Q0=
go.opentelemetry.io/otel/metric v1.39.0/go.mod h1:jrZSWL33sD7bBxg1xjrqyDjnuzTUB0x1nBERXd7Ftcs=
go.opentelemetry.io/otel/sdk v1.39.0 h1:nMLYcjVsvdui1B/4FRkwjzoRVsMK8uL/cj0OyhKzt18=
go.opentelemetry.io/otel/sdk v1.39.0/go.mod h1:vDojkC4/jsTJsE+kh+LXYQlbL8CgrEcwmt1ENZszdJE=
go.opentelemetry.io/otel/sdk/metric v1.39.0 h1:cXMVVFVgsIf2YL6QkRF4Urbr/aMInf+2WKg+sEJTtB8=
go.opentelemetry.io/otel/sdk/metric v1.39.0/go.mod h1:xq9HEVH7qeX69/JnwEfp6fVq5wosJsY1mt4lLfYdVew=
go.opentelemetry.io/otel/trace v1.39.0 h1:2d2vfpEDmCJ5zVYz7ijaJdOF59xLomrvj7bjt6/qCJI=
go.opentelemetry.io/otel/trace v1.39.0/go.mod h1:88w4/PnZSazkGzz/w84VHpQafiU4EtqqlVdxWy+rNOA=
go.uber.org/goleak v1.3.0 h1:2K3zAYmnTNqV73imy9J1T3WC+gmCePx2hEGkimedGto=
go.uber.org/goleak v1.3.0/go.mod h1:CoHD4mav9JJNrW/WLlf7HGZPjdw8EucARQHekz1X6bE=
go.yaml.in/yaml/v2 v2.4.2 h1:DzmwEr2rDGHl7lsFgAHxmNz/1NlQ7xLIrlN2h5d1eGI=
go.yaml.in/yaml/v2 v2.4.2/go.mod h1:081UH+NErpNdqlCXm3TtEran0rJZGxAYx9hb/ELlsPU=
gocloud.dev v0.44.0 h1:iVyMAqFl2r6xUy7M4mfqwlN+21UpJoEtgHEcfiLMUXs=
gocloud.dev v0.44.0/go.mod h1:ZmjROXGdC/eKZLF1N+RujDlFRx3D+4Av2thREKDMVxY=
golang.org/x/crypto v0.44.0 h1:A97SsFvM3AIwEEmTBiaxPPTYpDC47w720rdiiUvgoAU=
golang.org/x/crypto v0.44.0/go.mod h1:013i+Nw79BMiQiMsOPcVCB5ZIJbYkerPrGnOa00tvmc=
golang.org/x/net v0.47.0 h1:Mx+4dIFzqraBXUugkia1OOvlD6LemFo1ALMHjrXDOhY=
golang.org/x/net v0.47.0/go.mod h1:/jNxtkgq5yWUGYkaZGqo27cfGZ1c5Nen03aYrrKpVRU=
golang.org/x/oauth2 v0.32.0 h1:jsCblLleRMDrxMN29H3z/k1KliIvpLgCkE6R8FXXNgY=
golang.org/x/oauth2 v0.32.0/go.mod h1:lzm5WQJQwKZ3nwavOZ3IS5Aulzxi68dUSgRHujetwEA=
golang.org/x/sync v0.18.0 h1:kr88TuHDroi+UVf+0hZnirlk8o8T+4MrK6mr60WkH/I=
golang.org/x/sync v0.18.0/go.mod h1:9KTHXmSnoGruLpwFjVSX0lNNA75CykiMECbovNTZqGI=
golang.org/x/sys v0.39.0 h1:CvCKL8MeisomCi6qNZ+wbb0DN9E5AATixKsvNtMoMFk=
golang.org/x/sys v0.39.0/go.mod h1:OgkHotnGiDImocRcuBABYBEXf8A9a87e/uXjp9XT3ks=
golang.org/x/text v0.31.0 h1:aC8ghyu4JhP8VojJ2lEHBnochRno1sgL6nEi9WGFGMM=
golang.org/x/text v0.31.0/go.mod h1:tKRAlv61yKIjGGHX/4tP1LTbc13YSec1pxVEWXzfoeM=
golang.org/x/time v0.12.0 h1:ScB/8o8olJvc+CQPWrK3fPZNfh7qgwCrY0zJmoEQLSE=
golang.org/x/time v0.12.0/go.mod h1:CDIdPxbZBQxdj6cxyCIdrNogrJKMJ7pr37NYpMcMDSg=
golang.org/x/xerrors v0.0.0-20240903120638-7835f813f4da h1:noIWHXmPHxILtqtCOPIhSt0ABwskkZKjD3bXGnZGpNY=
golang.org/x/xerrors v0.0.0-20240903120638-7835f813f4da/go.mod h1:NDW/Ps6MPRej6fsCIbMTohpP40sJ/P/vI1MoTEGwX90=
gonum.org/v1/gonum v0.16.0 h1:5+ul4Swaf3ESvrOnidPp4GZbzf0mxVQpDCYUQE7OJfk=
gonum.org/v1/gonum v0.16.0/go.mod h1:fef3am4MQ93R2HHpKnLk4/Tbh/s0+wqD5nfa6Pnwy4E=
google.golang.org/api v0.247.0 h1:tSd/e0QrUlLsrwMKmkbQhYVa109qIintOls2Wh6bngc=
google.golang.org/api v0.247.0/go.mod h1:r1qZOPmxXffXg6xS5uhx16Fa/UFY8QU/K4bfKrnvovM=
google.golang.org/genproto v0.0.0-20250715232539-7130f93afb79 h1:Nt6z9UHqSlIdIGJdz6KhTIs2VRx/iOsA5iE8bmQNcxs=
google.golang.org/genproto v0.0.0-20250715232539-7130f93afb79/go.mod h1:kTmlBHMPqR5uCZPBvwa2B18mvubkjyY3CRLI0c6fj0s=
google.golang.org/genproto/googleapis/api v0.0.0-20251029180050-ab9386a59fda h1:+2XxjfsAu6vqFxwGBRcHiMaDCuZiqXGDUDVWVtrFAnE=
google.golang.org/genproto/googleapis/api v0.0.0-20251029180050-ab9386a59fda/go.mod h1:fDMmzKV90WSg1NbozdqrE64fkuTv6mlq2zxo9ad+3yo=
google.golang.org/genproto/googleapis/rpc v0.0.0-20251029180050-ab9386a59fda h1:i/Q+bfisr7gq6feoJnS/DlpdwEL4ihp41fvRiM3Ork0=
google.golang.org/genproto/googleapis/rpc v0.0.0-20251029180050-ab9386a59fda/go.mod h1:7i2o+ce6H/6BluujYR+kqX3GKH+dChPTQU19wjRPiGk=
google.golang.org/grpc v1.78.0 h1:K1XZG/yGDJnzMdd/uZHAkVqJE+xIDOcmdSFZkBUicNc=
google.golang.org/grpc v1.78.0/go.mod h1:I47qjTo4OKbMkjA/aOOwxDIiPSBofUtQUI5EfpWvW7U=
google.golang.org/protobuf v1.36.11 h1:fV6ZwhNocDyBLK0dj+fg8ektcVegBBuEolpbTQyBNVE=
google.golang.org/protobuf v1.36.11/go.mod h1:HTf+CrKn2C3g5S8VImy6tdcUvCska2kB7j23XfzDpco=
gopkg.in/check.v1 v0.0.0-20161208181325-20d25e280405/go.mod h1:Co6ibVJAznAaIkqp8huTwlJQCZ016jof/cbN4VW5Yz0=
gopkg.in/check.v1 v1.0.0-20201130134442-10cb98267c6c h1:Hei/4ADfdWqJk1ZMxUNpqntNwaWcugrBjAiHlqqRiVk=
gopkg.in/check.v1 v1.0.0-20201130134442-10cb98267c6c/go.mod h1:JHkPIbrfpd72SG/EVd6muEfDQjcINNoR0C8j2r3qZ4Q=
gopkg.in/yaml.v2 v2.4.0 h1:D8xgwECY7CYvx+Y2n4sBz93Jn9JRvxdiyyo8CTfuKaY=
gopkg.in/yaml.v2 v2.4.0/go.mod h1:RDklbk79AGWmwhnvt/jBztapEOGDOx6ZbXqjP6csGnQ=
gopkg.in/yaml.v3 v3.0.1 h1:fxVm/GzAzEWqLHuvctI91KS9hhNmmWOoWu0XTYJS7CA=
gopkg.in/yaml.v3 v3.0.1/go.mod h1:K4uyk7z7BCEPqu6E+C64Yfv1cQ7kz7rIZviUmN+EgEM=
